// !$*UTF8*$!
{
	archiveVersion = 1;
	classes = {
	};
	objectVersion = 55;
	objects = {

/* Begin PBXBuildFile section */
		003607692A02673E00D1B685 /* AppDelegate.swift in Sources */ = {isa = PBXBuildFile; fileRef = 003607682A02673E00D1B685 /* AppDelegate.swift */; };
		0036076B2A02673E00D1B685 /* SceneDelegate.swift in Sources */ = {isa = PBXBuildFile; fileRef = 0036076A2A02673E00D1B685 /* SceneDelegate.swift */; };
		0036076D2A02673E00D1B685 /* ImagesListViewController.swift in Sources */ = {isa = PBXBuildFile; fileRef = 0036076C2A02673E00D1B685 /* ImagesListViewController.swift */; };
		003607702A02673E00D1B685 /* Main.storyboard in Resources */ = {isa = PBXBuildFile; fileRef = 0036076E2A02673E00D1B685 /* Main.storyboard */; };
		003607722A02673F00D1B685 /* Assets.xcassets in Resources */ = {isa = PBXBuildFile; fileRef = 003607712A02673F00D1B685 /* Assets.xcassets */; };
		003607752A02673F00D1B685 /* LaunchScreen.storyboard in Resources */ = {isa = PBXBuildFile; fileRef = 003607732A02673F00D1B685 /* LaunchScreen.storyboard */; };
		0036079D2A067F5F00D1B685 /* ImagesListCell.swift in Sources */ = {isa = PBXBuildFile; fileRef = 0036079C2A067F5F00D1B685 /* ImagesListCell.swift */; };
		003607A02A084DBE00D1B685 /* .gitignore in Resources */ = {isa = PBXBuildFile; fileRef = 0036079F2A084DBE00D1B685 /* .gitignore */; };
		003607A22A0BBB2A00D1B685 /* ProfileViewController.swift in Sources */ = {isa = PBXBuildFile; fileRef = 003607A12A0BBB2A00D1B685 /* ProfileViewController.swift */; };
		0078FA652A0BF7CC00B9E52F /* SingleImageViewController.swift in Sources */ = {isa = PBXBuildFile; fileRef = 0078FA642A0BF7CC00B9E52F /* SingleImageViewController.swift */; };
		AAE80F352A13FACF00A35195 /* OAuthTokenResponseBody.swift in Sources */ = {isa = PBXBuildFile; fileRef = AAE80F342A13FACF00A35195 /* OAuthTokenResponseBody.swift */; };
		AAE80F372A13FEA200A35195 /* OAuth2Service.swift in Sources */ = {isa = PBXBuildFile; fileRef = AAE80F362A13FEA200A35195 /* OAuth2Service.swift */; };
		AAE80F392A16432F00A35195 /* SplashViewController.swift in Sources */ = {isa = PBXBuildFile; fileRef = AAE80F382A16432F00A35195 /* SplashViewController.swift */; };
		AAE80F3C2A16900E00A35195 /* ProgressHUD in Frameworks */ = {isa = PBXBuildFile; productRef = AAE80F3B2A16900E00A35195 /* ProgressHUD */; };
		AAE80F3E2A16B4E500A35195 /* OAuth2TokenStorage.swift in Sources */ = {isa = PBXBuildFile; fileRef = AAE80F3D2A16B4E500A35195 /* OAuth2TokenStorage.swift */; };
		AAE80F422A1798D300A35195 /* UIBlockingProgressHUD.swift in Sources */ = {isa = PBXBuildFile; fileRef = AAE80F412A1798D300A35195 /* UIBlockingProgressHUD.swift */; };
		AAE80F452A179F2300A35195 /* ProfileService.swift in Sources */ = {isa = PBXBuildFile; fileRef = AAE80F442A179F2300A35195 /* ProfileService.swift */; };
		AAE80F492A17A1AD00A35195 /* ProfileResult.swift in Sources */ = {isa = PBXBuildFile; fileRef = AAE80F482A17A1AD00A35195 /* ProfileResult.swift */; };
		AAE80F4B2A17A1C600A35195 /* Profile.swift in Sources */ = {isa = PBXBuildFile; fileRef = AAE80F4A2A17A1C600A35195 /* Profile.swift */; };
		AAE80F4D2A17D47D00A35195 /* ProfileImageService.swift in Sources */ = {isa = PBXBuildFile; fileRef = AAE80F4C2A17D47D00A35195 /* ProfileImageService.swift */; };
		AAE80F502A191CC800A35195 /* URLSessionExtensions.swift in Sources */ = {isa = PBXBuildFile; fileRef = AAE80F4F2A191CC800A35195 /* URLSessionExtensions.swift */; };
		AAE80F532A19495600A35195 /* Kingfisher in Frameworks */ = {isa = PBXBuildFile; productRef = AAE80F522A19495600A35195 /* Kingfisher */; };
		AAE80F562A1954AB00A35195 /* SwiftKeychainWrapper in Frameworks */ = {isa = PBXBuildFile; productRef = AAE80F552A1954AB00A35195 /* SwiftKeychainWrapper */; };
		AAE80F582A19606400A35195 /* TabBarController.swift in Sources */ = {isa = PBXBuildFile; fileRef = AAE80F572A19606400A35195 /* TabBarController.swift */; };
		BEDA37482A10FC870017AF31 /* Constants.swift in Sources */ = {isa = PBXBuildFile; fileRef = BEDA37472A10FC870017AF31 /* Constants.swift */; };
		BEDA374A2A111BC80017AF31 /* AuthViewController.swift in Sources */ = {isa = PBXBuildFile; fileRef = BEDA37492A111BC80017AF31 /* AuthViewController.swift */; };
		BEDA374D2A113F190017AF31 /* WebViewViewController.swift in Sources */ = {isa = PBXBuildFile; fileRef = BEDA374C2A113F190017AF31 /* WebViewViewController.swift */; };
/* End PBXBuildFile section */

/* Begin PBXFileReference section */
		003607652A02673E00D1B685 /* ImageFeed.app */ = {isa = PBXFileReference; explicitFileType = wrapper.application; includeInIndex = 0; path = ImageFeed.app; sourceTree = BUILT_PRODUCTS_DIR; };
		003607682A02673E00D1B685 /* AppDelegate.swift */ = {isa = PBXFileReference; lastKnownFileType = sourcecode.swift; path = AppDelegate.swift; sourceTree = "<group>"; };
		0036076A2A02673E00D1B685 /* SceneDelegate.swift */ = {isa = PBXFileReference; lastKnownFileType = sourcecode.swift; path = SceneDelegate.swift; sourceTree = "<group>"; };
		0036076C2A02673E00D1B685 /* ImagesListViewController.swift */ = {isa = PBXFileReference; lastKnownFileType = sourcecode.swift; path = ImagesListViewController.swift; sourceTree = "<group>"; };
		0036076F2A02673E00D1B685 /* Base */ = {isa = PBXFileReference; lastKnownFileType = file.storyboard; name = Base; path = Base.lproj/Main.storyboard; sourceTree = "<group>"; };
		003607712A02673F00D1B685 /* Assets.xcassets */ = {isa = PBXFileReference; lastKnownFileType = folder.assetcatalog; path = Assets.xcassets; sourceTree = "<group>"; };
		003607742A02673F00D1B685 /* Base */ = {isa = PBXFileReference; lastKnownFileType = file.storyboard; name = Base; path = Base.lproj/LaunchScreen.storyboard; sourceTree = "<group>"; };
		003607762A02673F00D1B685 /* Info.plist */ = {isa = PBXFileReference; lastKnownFileType = text.plist.xml; path = Info.plist; sourceTree = "<group>"; };
		0036079C2A067F5F00D1B685 /* ImagesListCell.swift */ = {isa = PBXFileReference; lastKnownFileType = sourcecode.swift; path = ImagesListCell.swift; sourceTree = "<group>"; };
		0036079F2A084DBE00D1B685 /* .gitignore */ = {isa = PBXFileReference; lastKnownFileType = text; path = .gitignore; sourceTree = "<group>"; };
		003607A12A0BBB2A00D1B685 /* ProfileViewController.swift */ = {isa = PBXFileReference; lastKnownFileType = sourcecode.swift; path = ProfileViewController.swift; sourceTree = "<group>"; };
		0078FA642A0BF7CC00B9E52F /* SingleImageViewController.swift */ = {isa = PBXFileReference; lastKnownFileType = sourcecode.swift; path = SingleImageViewController.swift; sourceTree = "<group>"; };
		AAE80F342A13FACF00A35195 /* OAuthTokenResponseBody.swift */ = {isa = PBXFileReference; lastKnownFileType = sourcecode.swift; path = OAuthTokenResponseBody.swift; sourceTree = "<group>"; };
		AAE80F362A13FEA200A35195 /* OAuth2Service.swift */ = {isa = PBXFileReference; lastKnownFileType = sourcecode.swift; path = OAuth2Service.swift; sourceTree = "<group>"; };
		AAE80F382A16432F00A35195 /* SplashViewController.swift */ = {isa = PBXFileReference; lastKnownFileType = sourcecode.swift; path = SplashViewController.swift; sourceTree = "<group>"; };
		AAE80F3D2A16B4E500A35195 /* OAuth2TokenStorage.swift */ = {isa = PBXFileReference; lastKnownFileType = sourcecode.swift; path = OAuth2TokenStorage.swift; sourceTree = "<group>"; };
		AAE80F412A1798D300A35195 /* UIBlockingProgressHUD.swift */ = {isa = PBXFileReference; lastKnownFileType = sourcecode.swift; path = UIBlockingProgressHUD.swift; sourceTree = "<group>"; };
		AAE80F442A179F2300A35195 /* ProfileService.swift */ = {isa = PBXFileReference; lastKnownFileType = sourcecode.swift; path = ProfileService.swift; sourceTree = "<group>"; };
		AAE80F482A17A1AD00A35195 /* ProfileResult.swift */ = {isa = PBXFileReference; lastKnownFileType = sourcecode.swift; path = ProfileResult.swift; sourceTree = "<group>"; };
		AAE80F4A2A17A1C600A35195 /* Profile.swift */ = {isa = PBXFileReference; lastKnownFileType = sourcecode.swift; path = Profile.swift; sourceTree = "<group>"; };
		AAE80F4C2A17D47D00A35195 /* ProfileImageService.swift */ = {isa = PBXFileReference; lastKnownFileType = sourcecode.swift; path = ProfileImageService.swift; sourceTree = "<group>"; };
		AAE80F4F2A191CC800A35195 /* URLSessionExtensions.swift */ = {isa = PBXFileReference; lastKnownFileType = sourcecode.swift; path = URLSessionExtensions.swift; sourceTree = "<group>"; };
		AAE80F572A19606400A35195 /* TabBarController.swift */ = {isa = PBXFileReference; lastKnownFileType = sourcecode.swift; path = TabBarController.swift; sourceTree = "<group>"; };
		BEDA37472A10FC870017AF31 /* Constants.swift */ = {isa = PBXFileReference; lastKnownFileType = sourcecode.swift; path = Constants.swift; sourceTree = "<group>"; };
		BEDA37492A111BC80017AF31 /* AuthViewController.swift */ = {isa = PBXFileReference; lastKnownFileType = sourcecode.swift; path = AuthViewController.swift; sourceTree = "<group>"; };
		BEDA374C2A113F190017AF31 /* WebViewViewController.swift */ = {isa = PBXFileReference; lastKnownFileType = sourcecode.swift; path = WebViewViewController.swift; sourceTree = "<group>"; };
/* End PBXFileReference section */

/* Begin PBXFrameworksBuildPhase section */
		003607622A02673E00D1B685 /* Frameworks */ = {
			isa = PBXFrameworksBuildPhase;
			buildActionMask = 2147483647;
			files = (
				AAE80F532A19495600A35195 /* Kingfisher in Frameworks */,
				AAE80F3C2A16900E00A35195 /* ProgressHUD in Frameworks */,
				AAE80F562A1954AB00A35195 /* SwiftKeychainWrapper in Frameworks */,
			);
			runOnlyForDeploymentPostprocessing = 0;
		};
/* End PBXFrameworksBuildPhase section */

/* Begin PBXGroup section */
		0036075C2A02673E00D1B685 = {
			isa = PBXGroup;
			children = (
				0036079F2A084DBE00D1B685 /* .gitignore */,
				003607672A02673E00D1B685 /* ImageFeed */,
				003607662A02673E00D1B685 /* Products */,
			);
			sourceTree = "<group>";
		};
		003607662A02673E00D1B685 /* Products */ = {
			isa = PBXGroup;
			children = (
				003607652A02673E00D1B685 /* ImageFeed.app */,
			);
			name = Products;
			sourceTree = "<group>";
		};
		003607672A02673E00D1B685 /* ImageFeed */ = {
			isa = PBXGroup;
			children = (
				AAE80F4E2A191C6900A35195 /* Extensions */,
				AAE80F402A16C40A00A35195 /* Main */,
				AAE80F3F2A16C3E400A35195 /* OAuth */,
				BEDA374B2A111C220017AF31 /* Auth */,
				003607682A02673E00D1B685 /* AppDelegate.swift */,
				0036076A2A02673E00D1B685 /* SceneDelegate.swift */,
				AAE80F382A16432F00A35195 /* SplashViewController.swift */,
				0036076E2A02673E00D1B685 /* Main.storyboard */,
				003607712A02673F00D1B685 /* Assets.xcassets */,
				003607732A02673F00D1B685 /* LaunchScreen.storyboard */,
				003607762A02673F00D1B685 /* Info.plist */,
				AAE80F412A1798D300A35195 /* UIBlockingProgressHUD.swift */,
				AAE80F572A19606400A35195 /* TabBarController.swift */,
			);
			path = ImageFeed;
			sourceTree = "<group>";
		};
		0036079E2A067F9600D1B685 /* ImagesList */ = {
			isa = PBXGroup;
			children = (
				0036079C2A067F5F00D1B685 /* ImagesListCell.swift */,
				0036076C2A02673E00D1B685 /* ImagesListViewController.swift */,
			);
			path = ImagesList;
			sourceTree = "<group>";
		};
		AAE80F3F2A16C3E400A35195 /* OAuth */ = {
			isa = PBXGroup;
			children = (
				AAE80F342A13FACF00A35195 /* OAuthTokenResponseBody.swift */,
				AAE80F362A13FEA200A35195 /* OAuth2Service.swift */,
				AAE80F3D2A16B4E500A35195 /* OAuth2TokenStorage.swift */,
			);
			path = OAuth;
			sourceTree = "<group>";
		};
		AAE80F402A16C40A00A35195 /* Main */ = {
			isa = PBXGroup;
			children = (
				AAE80F432A179F0D00A35195 /* Profile */,
				0078FA642A0BF7CC00B9E52F /* SingleImageViewController.swift */,
				0036079E2A067F9600D1B685 /* ImagesList */,
			);
			path = Main;
			sourceTree = "<group>";
		};
		AAE80F432A179F0D00A35195 /* Profile */ = {
			isa = PBXGroup;
			children = (
				003607A12A0BBB2A00D1B685 /* ProfileViewController.swift */,
				AAE80F442A179F2300A35195 /* ProfileService.swift */,
				AAE80F482A17A1AD00A35195 /* ProfileResult.swift */,
				AAE80F4A2A17A1C600A35195 /* Profile.swift */,
				AAE80F4C2A17D47D00A35195 /* ProfileImageService.swift */,
			);
			path = Profile;
			sourceTree = "<group>";
		};
		AAE80F4E2A191C6900A35195 /* Extensions */ = {
			isa = PBXGroup;
			children = (
				AAE80F4F2A191CC800A35195 /* URLSessionExtensions.swift */,
			);
			path = Extensions;
			sourceTree = "<group>";
		};
		BEDA374B2A111C220017AF31 /* Auth */ = {
			isa = PBXGroup;
			children = (
				BEDA37472A10FC870017AF31 /* Constants.swift */,
				BEDA37492A111BC80017AF31 /* AuthViewController.swift */,
				BEDA374C2A113F190017AF31 /* WebViewViewController.swift */,
			);
			path = Auth;
			sourceTree = "<group>";
		};
/* End PBXGroup section */

/* Begin PBXNativeTarget section */
		003607642A02673E00D1B685 /* ImageFeed */ = {
			isa = PBXNativeTarget;
			buildConfigurationList = 003607792A02673F00D1B685 /* Build configuration list for PBXNativeTarget "ImageFeed" */;
			buildPhases = (
				003607612A02673E00D1B685 /* Sources */,
				003607622A02673E00D1B685 /* Frameworks */,
				003607632A02673E00D1B685 /* Resources */,
			);
			buildRules = (
			);
			dependencies = (
			);
			name = ImageFeed;
			packageProductDependencies = (
				AAE80F3B2A16900E00A35195 /* ProgressHUD */,
				AAE80F522A19495600A35195 /* Kingfisher */,
				AAE80F552A1954AB00A35195 /* SwiftKeychainWrapper */,
			);
			productName = ImageFeed;
			productReference = 003607652A02673E00D1B685 /* ImageFeed.app */;
			productType = "com.apple.product-type.application";
		};
/* End PBXNativeTarget section */

/* Begin PBXProject section */
		0036075D2A02673E00D1B685 /* Project object */ = {
			isa = PBXProject;
			attributes = {
				LastSwiftUpdateCheck = 1410;
				LastUpgradeCheck = 1410;
				TargetAttributes = {
					003607642A02673E00D1B685 = {
						CreatedOnToolsVersion = 14.1;
					};
				};
			};
			buildConfigurationList = 003607602A02673E00D1B685 /* Build configuration list for PBXProject "ImageFeed" */;
			compatibilityVersion = "Xcode 13.0";
			developmentRegion = en;
			hasScannedForEncodings = 0;
			knownRegions = (
				en,
				Base,
			);
			mainGroup = 0036075C2A02673E00D1B685;
			packageReferences = (
				AAE80F3A2A16900E00A35195 /* XCRemoteSwiftPackageReference "ProgressHUD" */,
				AAE80F512A19495600A35195 /* XCRemoteSwiftPackageReference "Kingfisher" */,
				AAE80F542A1954AB00A35195 /* XCRemoteSwiftPackageReference "SwiftKeychainWrapper" */,
			);
			productRefGroup = 003607662A02673E00D1B685 /* Products */;
			projectDirPath = "";
			projectRoot = "";
			targets = (
				003607642A02673E00D1B685 /* ImageFeed */,
			);
		};
/* End PBXProject section */

/* Begin PBXResourcesBuildPhase section */
		003607632A02673E00D1B685 /* Resources */ = {
			isa = PBXResourcesBuildPhase;
			buildActionMask = 2147483647;
			files = (
				003607A02A084DBE00D1B685 /* .gitignore in Resources */,
				003607752A02673F00D1B685 /* LaunchScreen.storyboard in Resources */,
				003607722A02673F00D1B685 /* Assets.xcassets in Resources */,
				003607702A02673E00D1B685 /* Main.storyboard in Resources */,
			);
			runOnlyForDeploymentPostprocessing = 0;
		};
/* End PBXResourcesBuildPhase section */

/* Begin PBXSourcesBuildPhase section */
		003607612A02673E00D1B685 /* Sources */ = {
			isa = PBXSourcesBuildPhase;
			buildActionMask = 2147483647;
			files = (
				AAE80F4B2A17A1C600A35195 /* Profile.swift in Sources */,
				0036076D2A02673E00D1B685 /* ImagesListViewController.swift in Sources */,
				0036079D2A067F5F00D1B685 /* ImagesListCell.swift in Sources */,
				AAE80F502A191CC800A35195 /* URLSessionExtensions.swift in Sources */,
				003607A22A0BBB2A00D1B685 /* ProfileViewController.swift in Sources */,
				AAE80F392A16432F00A35195 /* SplashViewController.swift in Sources */,
				003607692A02673E00D1B685 /* AppDelegate.swift in Sources */,
				AAE80F372A13FEA200A35195 /* OAuth2Service.swift in Sources */,
				AAE80F352A13FACF00A35195 /* OAuthTokenResponseBody.swift in Sources */,
				BEDA374A2A111BC80017AF31 /* AuthViewController.swift in Sources */,
				BEDA37482A10FC870017AF31 /* Constants.swift in Sources */,
				0078FA652A0BF7CC00B9E52F /* SingleImageViewController.swift in Sources */,
				BEDA374D2A113F190017AF31 /* WebViewViewController.swift in Sources */,
				AAE80F582A19606400A35195 /* TabBarController.swift in Sources */,
				AAE80F3E2A16B4E500A35195 /* OAuth2TokenStorage.swift in Sources */,
				0036076B2A02673E00D1B685 /* SceneDelegate.swift in Sources */,
				AAE80F422A1798D300A35195 /* UIBlockingProgressHUD.swift in Sources */,
				AAE80F4D2A17D47D00A35195 /* ProfileImageService.swift in Sources */,
				AAE80F492A17A1AD00A35195 /* ProfileResult.swift in Sources */,
				AAE80F452A179F2300A35195 /* ProfileService.swift in Sources */,
			);
			runOnlyForDeploymentPostprocessing = 0;
		};
/* End PBXSourcesBuildPhase section */

/* Begin PBXVariantGroup section */
		0036076E2A02673E00D1B685 /* Main.storyboard */ = {
			isa = PBXVariantGroup;
			children = (
				0036076F2A02673E00D1B685 /* Base */,
			);
			name = Main.storyboard;
			sourceTree = "<group>";
		};
		003607732A02673F00D1B685 /* LaunchScreen.storyboard */ = {
			isa = PBXVariantGroup;
			children = (
				003607742A02673F00D1B685 /* Base */,
			);
			name = LaunchScreen.storyboard;
			sourceTree = "<group>";
		};
/* End PBXVariantGroup section */

/* Begin XCBuildConfiguration section */
		003607772A02673F00D1B685 /* Debug */ = {
			isa = XCBuildConfiguration;
			buildSettings = {
				ALWAYS_SEARCH_USER_PATHS = NO;
				CLANG_ANALYZER_NONNULL = YES;
				CLANG_ANALYZER_NUMBER_OBJECT_CONVERSION = YES_AGGRESSIVE;
				CLANG_CXX_LANGUAGE_STANDARD = "gnu++20";
				CLANG_ENABLE_MODULES = YES;
				CLANG_ENABLE_OBJC_ARC = YES;
				CLANG_ENABLE_OBJC_WEAK = YES;
				CLANG_WARN_BLOCK_CAPTURE_AUTORELEASING = YES;
				CLANG_WARN_BOOL_CONVERSION = YES;
				CLANG_WARN_COMMA = YES;
				CLANG_WARN_CONSTANT_CONVERSION = YES;
				CLANG_WARN_DEPRECATED_OBJC_IMPLEMENTATIONS = YES;
				CLANG_WARN_DIRECT_OBJC_ISA_USAGE = YES_ERROR;
				CLANG_WARN_DOCUMENTATION_COMMENTS = YES;
				CLANG_WARN_EMPTY_BODY = YES;
				CLANG_WARN_ENUM_CONVERSION = YES;
				CLANG_WARN_INFINITE_RECURSION = YES;
				CLANG_WARN_INT_CONVERSION = YES;
				CLANG_WARN_NON_LITERAL_NULL_CONVERSION = YES;
				CLANG_WARN_OBJC_IMPLICIT_RETAIN_SELF = YES;
				CLANG_WARN_OBJC_LITERAL_CONVERSION = YES;
				CLANG_WARN_OBJC_ROOT_CLASS = YES_ERROR;
				CLANG_WARN_QUOTED_INCLUDE_IN_FRAMEWORK_HEADER = YES;
				CLANG_WARN_RANGE_LOOP_ANALYSIS = YES;
				CLANG_WARN_STRICT_PROTOTYPES = YES;
				CLANG_WARN_SUSPICIOUS_MOVE = YES;
				CLANG_WARN_UNGUARDED_AVAILABILITY = YES_AGGRESSIVE;
				CLANG_WARN_UNREACHABLE_CODE = YES;
				CLANG_WARN__DUPLICATE_METHOD_MATCH = YES;
				COPY_PHASE_STRIP = NO;
				DEBUG_INFORMATION_FORMAT = dwarf;
				ENABLE_STRICT_OBJC_MSGSEND = YES;
				ENABLE_TESTABILITY = YES;
				GCC_C_LANGUAGE_STANDARD = gnu11;
				GCC_DYNAMIC_NO_PIC = NO;
				GCC_NO_COMMON_BLOCKS = YES;
				GCC_OPTIMIZATION_LEVEL = 0;
				GCC_PREPROCESSOR_DEFINITIONS = (
					"DEBUG=1",
					"$(inherited)",
				);
				GCC_WARN_64_TO_32_BIT_CONVERSION = YES;
				GCC_WARN_ABOUT_RETURN_TYPE = YES_ERROR;
				GCC_WARN_UNDECLARED_SELECTOR = YES;
				GCC_WARN_UNINITIALIZED_AUTOS = YES_AGGRESSIVE;
				GCC_WARN_UNUSED_FUNCTION = YES;
				GCC_WARN_UNUSED_VARIABLE = YES;
				IPHONEOS_DEPLOYMENT_TARGET = 16.1;
				MTL_ENABLE_DEBUG_INFO = INCLUDE_SOURCE;
				MTL_FAST_MATH = YES;
				ONLY_ACTIVE_ARCH = YES;
				SDKROOT = iphoneos;
				SWIFT_ACTIVE_COMPILATION_CONDITIONS = DEBUG;
				SWIFT_OPTIMIZATION_LEVEL = "-Onone";
			};
			name = Debug;
		};
		003607782A02673F00D1B685 /* Release */ = {
			isa = XCBuildConfiguration;
			buildSettings = {
				ALWAYS_SEARCH_USER_PATHS = NO;
				CLANG_ANALYZER_NONNULL = YES;
				CLANG_ANALYZER_NUMBER_OBJECT_CONVERSION = YES_AGGRESSIVE;
				CLANG_CXX_LANGUAGE_STANDARD = "gnu++20";
				CLANG_ENABLE_MODULES = YES;
				CLANG_ENABLE_OBJC_ARC = YES;
				CLANG_ENABLE_OBJC_WEAK = YES;
				CLANG_WARN_BLOCK_CAPTURE_AUTORELEASING = YES;
				CLANG_WARN_BOOL_CONVERSION = YES;
				CLANG_WARN_COMMA = YES;
				CLANG_WARN_CONSTANT_CONVERSION = YES;
				CLANG_WARN_DEPRECATED_OBJC_IMPLEMENTATIONS = YES;
				CLANG_WARN_DIRECT_OBJC_ISA_USAGE = YES_ERROR;
				CLANG_WARN_DOCUMENTATION_COMMENTS = YES;
				CLANG_WARN_EMPTY_BODY = YES;
				CLANG_WARN_ENUM_CONVERSION = YES;
				CLANG_WARN_INFINITE_RECURSION = YES;
				CLANG_WARN_INT_CONVERSION = YES;
				CLANG_WARN_NON_LITERAL_NULL_CONVERSION = YES;
				CLANG_WARN_OBJC_IMPLICIT_RETAIN_SELF = YES;
				CLANG_WARN_OBJC_LITERAL_CONVERSION = YES;
				CLANG_WARN_OBJC_ROOT_CLASS = YES_ERROR;
				CLANG_WARN_QUOTED_INCLUDE_IN_FRAMEWORK_HEADER = YES;
				CLANG_WARN_RANGE_LOOP_ANALYSIS = YES;
				CLANG_WARN_STRICT_PROTOTYPES = YES;
				CLANG_WARN_SUSPICIOUS_MOVE = YES;
				CLANG_WARN_UNGUARDED_AVAILABILITY = YES_AGGRESSIVE;
				CLANG_WARN_UNREACHABLE_CODE = YES;
				CLANG_WARN__DUPLICATE_METHOD_MATCH = YES;
				COPY_PHASE_STRIP = NO;
				DEBUG_INFORMATION_FORMAT = "dwarf-with-dsym";
				ENABLE_NS_ASSERTIONS = NO;
				ENABLE_STRICT_OBJC_MSGSEND = YES;
				GCC_C_LANGUAGE_STANDARD = gnu11;
				GCC_NO_COMMON_BLOCKS = YES;
				GCC_WARN_64_TO_32_BIT_CONVERSION = YES;
				GCC_WARN_ABOUT_RETURN_TYPE = YES_ERROR;
				GCC_WARN_UNDECLARED_SELECTOR = YES;
				GCC_WARN_UNINITIALIZED_AUTOS = YES_AGGRESSIVE;
				GCC_WARN_UNUSED_FUNCTION = YES;
				GCC_WARN_UNUSED_VARIABLE = YES;
				IPHONEOS_DEPLOYMENT_TARGET = 16.1;
				MTL_ENABLE_DEBUG_INFO = NO;
				MTL_FAST_MATH = YES;
				SDKROOT = iphoneos;
				SWIFT_COMPILATION_MODE = wholemodule;
				SWIFT_OPTIMIZATION_LEVEL = "-O";
				VALIDATE_PRODUCT = YES;
			};
			name = Release;
		};
		0036077A2A02673F00D1B685 /* Debug */ = {
			isa = XCBuildConfiguration;
			buildSettings = {
				ASSETCATALOG_COMPILER_APPICON_NAME = AppIcon;
				ASSETCATALOG_COMPILER_GLOBAL_ACCENT_COLOR_NAME = AccentColor;
				CODE_SIGN_STYLE = Automatic;
				CURRENT_PROJECT_VERSION = 1;
				DEVELOPMENT_TEAM = B93B8LC9Q2;
				GENERATE_INFOPLIST_FILE = YES;
				INFOPLIST_FILE = ImageFeed/Info.plist;
				INFOPLIST_KEY_UIApplicationSupportsIndirectInputEvents = YES;
				INFOPLIST_KEY_UILaunchStoryboardName = LaunchScreen;
				INFOPLIST_KEY_UIMainStoryboardFile = Main;
				INFOPLIST_KEY_UISupportedInterfaceOrientations = "UIInterfaceOrientationLandscapeLeft UIInterfaceOrientationLandscapeRight UIInterfaceOrientationPortrait";
				INFOPLIST_KEY_UISupportedInterfaceOrientations_iPad = "UIInterfaceOrientationLandscapeLeft UIInterfaceOrientationLandscapeRight";
				IPHONEOS_DEPLOYMENT_TARGET = 13.0;
				LD_RUNPATH_SEARCH_PATHS = (
					"$(inherited)",
					"@executable_path/Frameworks",
				);
				MARKETING_VERSION = 1.0;
				PRODUCT_BUNDLE_IDENTIFIER = ru.yandex.practicum.ImageFeed;
				PRODUCT_NAME = "$(TARGET_NAME)";
				SUPPORTED_PLATFORMS = "iphoneos iphonesimulator";
				SUPPORTS_MACCATALYST = NO;
				SUPPORTS_MAC_DESIGNED_FOR_IPHONE_IPAD = YES;
				SWIFT_EMIT_LOC_STRINGS = YES;
				SWIFT_VERSION = 5.0;
				TARGETED_DEVICE_FAMILY = 1;
			};
			name = Debug;
		};
		0036077B2A02673F00D1B685 /* Release */ = {
			isa = XCBuildConfiguration;
			buildSettings = {
				ASSETCATALOG_COMPILER_APPICON_NAME = AppIcon;
				ASSETCATALOG_COMPILER_GLOBAL_ACCENT_COLOR_NAME = AccentColor;
				CODE_SIGN_STYLE = Automatic;
				CURRENT_PROJECT_VERSION = 1;
				DEVELOPMENT_TEAM = B93B8LC9Q2;
				GENERATE_INFOPLIST_FILE = YES;
				INFOPLIST_FILE = ImageFeed/Info.plist;
				INFOPLIST_KEY_UIApplicationSupportsIndirectInputEvents = YES;
				INFOPLIST_KEY_UILaunchStoryboardName = LaunchScreen;
				INFOPLIST_KEY_UIMainStoryboardFile = Main;
				INFOPLIST_KEY_UISupportedInterfaceOrientations = "UIInterfaceOrientationLandscapeLeft UIInterfaceOrientationLandscapeRight UIInterfaceOrientationPortrait";
				INFOPLIST_KEY_UISupportedInterfaceOrientations_iPad = "UIInterfaceOrientationLandscapeLeft UIInterfaceOrientationLandscapeRight";
				IPHONEOS_DEPLOYMENT_TARGET = 13.0;
				LD_RUNPATH_SEARCH_PATHS = (
					"$(inherited)",
					"@executable_path/Frameworks",
				);
				MARKETING_VERSION = 1.0;
				PRODUCT_BUNDLE_IDENTIFIER = ru.yandex.practicum.ImageFeed;
				PRODUCT_NAME = "$(TARGET_NAME)";
				SUPPORTED_PLATFORMS = "iphoneos iphonesimulator";
				SUPPORTS_MACCATALYST = NO;
				SUPPORTS_MAC_DESIGNED_FOR_IPHONE_IPAD = YES;
				SWIFT_EMIT_LOC_STRINGS = YES;
				SWIFT_VERSION = 5.0;
				TARGETED_DEVICE_FAMILY = 1;
			};
			name = Release;
		};
/* End XCBuildConfiguration section */

/* Begin XCConfigurationList section */
		003607602A02673E00D1B685 /* Build configuration list for PBXProject "ImageFeed" */ = {
			isa = XCConfigurationList;
			buildConfigurations = (
				003607772A02673F00D1B685 /* Debug */,
				003607782A02673F00D1B685 /* Release */,
			);
			defaultConfigurationIsVisible = 0;
			defaultConfigurationName = Release;
		};
		003607792A02673F00D1B685 /* Build configuration list for PBXNativeTarget "ImageFeed" */ = {
			isa = XCConfigurationList;
			buildConfigurations = (
				0036077A2A02673F00D1B685 /* Debug */,
				0036077B2A02673F00D1B685 /* Release */,
			);
			defaultConfigurationIsVisible = 0;
			defaultConfigurationName = Release;
		};
/* End XCConfigurationList section */

/* Begin XCRemoteSwiftPackageReference section */
		AAE80F3A2A16900E00A35195 /* XCRemoteSwiftPackageReference "ProgressHUD" */ = {
			isa = XCRemoteSwiftPackageReference;
			repositoryURL = "https://github.com/relatedcode/ProgressHUD";
			requirement = {
				kind = upToNextMajorVersion;
				minimumVersion = 13.0.0;
			};
		};
		AAE80F512A19495600A35195 /* XCRemoteSwiftPackageReference "Kingfisher" */ = {
			isa = XCRemoteSwiftPackageReference;
			repositoryURL = "https://github.com/onevcat/Kingfisher.git";
			requirement = {
				kind = upToNextMajorVersion;
				minimumVersion = 7.7.0;
			};
		};
		AAE80F542A1954AB00A35195 /* XCRemoteSwiftPackageReference "SwiftKeychainWrapper" */ = {
			isa = XCRemoteSwiftPackageReference;
			repositoryURL = "https://github.com/jrendel/SwiftKeychainWrapper.git";
			requirement = {
				kind = upToNextMajorVersion;
				minimumVersion = 4.0.1;
			};
		};
/* End XCRemoteSwiftPackageReference section */

/* Begin XCSwiftPackageProductDependency section */
		AAE80F3B2A16900E00A35195 /* ProgressHUD */ = {
			isa = XCSwiftPackageProductDependency;
			package = AAE80F3A2A16900E00A35195 /* XCRemoteSwiftPackageReference "ProgressHUD" */;
			productName = ProgressHUD;
		};
		AAE80F522A19495600A35195 /* Kingfisher */ = {
			isa = XCSwiftPackageProductDependency;
			package = AAE80F512A19495600A35195 /* XCRemoteSwiftPackageReference "Kingfisher" */;
			productName = Kingfisher;
		};
		AAE80F552A1954AB00A35195 /* SwiftKeychainWrapper */ = {
			isa = XCSwiftPackageProductDependency;
			package = AAE80F542A1954AB00A35195 /* XCRemoteSwiftPackageReference "SwiftKeychainWrapper" */;
			productName = SwiftKeychainWrapper;
		};
/* End XCSwiftPackageProductDependency section */
	};
	rootObject = 0036075D2A02673E00D1B685 /* Project object */;
}
